{
    "_meta": {
        "hash": {
            "sha256": "e87b105638b368c540172398a847570c81280ca4e90e1c1b8dbc42c57210400f"
        },
        "pipfile-spec": 6,
        "requires": {
            "python_version": "3.7"
        },
        "sources": [
            {
                "name": "pypi",
                "url": "https://pypi.org/simple",
                "verify_ssl": true
            }
        ]
    },
    "default": {
        "beautifulsoup4": {
            "hashes": [
                "sha256:034740f6cb549b4e932ae1ab975581e6103ac8f942200a0e9759065984391858",
                "sha256:945065979fb8529dd2f37dbb58f00b661bdbcbebf954f93b32fdf5263ef35348",
                "sha256:ba6d5c59906a85ac23dadfe5c88deaf3e179ef565f4898671253e50a78680718"
            ],
            "index": "pypi",
            "version": "==4.7.1"
        },
        "dask": {
            "hashes": [
                "sha256:347283a651058bebcb2c3cecdd2091621bbcc38d63723b45bc8ba1f6f11296fc",
                "sha256:93b355b9a9c9a3ddbb39fab99d5759aad5cfd346f4520b87788970e80cf97256"
            ],
            "index": "pypi",
            "version": "==1.1.2"
        },
        "lxml": {
            "hashes": [
                "sha256:0358b9e9642bc7d39aac5cffe9884a99a5ca68e5e2c1b89e570ed60da9139908",
                "sha256:091a359c4dafebbecd3959d9013f1b896b5371859165e4e50b01607a98d9e3e2",
                "sha256:1998e4e60603c64bcc35af61b4331ab3af087457900d3980e18d190e17c3a697",
                "sha256:2000b4088dee9a41f459fddaf6609bba48a435ce6374bb254c5ccdaa8928c5ba",
                "sha256:2afb0064780d8aaf165875be5898c1866766e56175714fa5f9d055433e92d41d",
                "sha256:2d8f1d9334a4e3ff176d096c14ded3100547d73440683567d85b8842a53180bb",
                "sha256:2e38db22f6a3199fd63675e1b4bd795d676d906869047398f29f38ca55cb453a",
                "sha256:3181f84649c1a1ca62b19ddf28436b1b2cb05ae6c7d2628f33872e713994c364",
                "sha256:37462170dfd88af8431d04de6b236e6e9c06cda71e2ca26d88ef2332fd2a5237",
                "sha256:3a9d8521c89bf6f2a929c3d12ad3ad7392c774c327ea809fd08a13be6b3bc05f",
                "sha256:3d0bbd2e1a28b4429f24fd63a122a450ce9edb7a8063d070790092d7343a1aa4",
                "sha256:483d60585ce3ee71929cea70949059f83850fa5e12deb9c094ed1c8c2ec73cbd",
                "sha256:4888be27d5cba55ce94209baef5bcd7bbd7314a3d17021a5fc10000b3a5f737d",
                "sha256:64b0d62e4209170a2a0c404c446ab83b941a0003e96604d2e4f4cb735f8a2254",
                "sha256:68010900898fdf139ac08549c4dba8206c584070a960ffc530aebf0c6f2794ef",
                "sha256:872ecb066de602a0099db98bd9e57f4cfc1d62f6093d94460c787737aa08f39e",
                "sha256:88a32b03f2e4cd0e63f154cac76724709f40b3fc2f30139eb5d6f900521b44ed",
                "sha256:b1dc7683da4e67ab2bebf266afa68098d681ae02ce570f0d1117312273d2b2ac",
                "sha256:b29e27ce9371810250cb1528a771d047a9c7b0f79630dc7dc5815ff828f4273b",
                "sha256:ce197559596370d985f1ce6b7051b52126849d8159040293bf8b98cb2b3e1f78",
                "sha256:d45cf6daaf22584eff2175f48f82c4aa24d8e72a44913c5aff801819bb73d11f",
                "sha256:e2ff9496322b2ce947ba4a7a5eb048158de9d6f3fe9efce29f1e8dd6878561e6",
                "sha256:f7b979518ec1f294a41a707c007d54d0f3b3e1fd15d5b26b7e99b62b10d9a72e",
                "sha256:f9c7268e9d16e34e50f8246c4f24cf7353764affd2bc971f0379514c246e3f6b",
                "sha256:f9c839806089d79de588ee1dde2dae05dc1156d3355dfeb2b51fde84d9c960ad",
                "sha256:ff962953e2389226adc4d355e34a98b0b800984399153c6678f2367b11b4d4b8"
            ],
            "index": "pypi",
            "version": "==4.3.2"
        },
        "numpy": {
            "hashes": [
                "sha256:1980f8d84548d74921685f68096911585fee393975f53797614b34d4f409b6da",
                "sha256:22752cd809272671b273bb86df0f505f505a12368a3a5fc0aa811c7ece4dfd5c",
                "sha256:23cc40313036cffd5d1873ef3ce2e949bdee0646c5d6f375bf7ee4f368db2511",
                "sha256:2b0b118ff547fecabc247a2668f48f48b3b1f7d63676ebc5be7352a5fd9e85a5",
                "sha256:3a0bd1edf64f6a911427b608a894111f9fcdb25284f724016f34a84c9a3a6ea9",
                "sha256:3f25f6c7b0d000017e5ac55977a3999b0b1a74491eacb3c1aa716f0e01f6dcd1",
                "sha256:4061c79ac2230594a7419151028e808239450e676c39e58302ad296232e3c2e8",
                "sha256:560ceaa24f971ab37dede7ba030fc5d8fa173305d94365f814d9523ffd5d5916",
                "sha256:62be044cd58da2a947b7e7b2252a10b42920df9520fc3d39f5c4c70d5460b8ba",
                "sha256:6c692e3879dde0b67a9dc78f9bfb6f61c666b4562fd8619632d7043fb5b691b0",
                "sha256:6f65e37b5a331df950ef6ff03bd4136b3c0bbcf44d4b8e99135d68a537711b5a",
                "sha256:7a78cc4ddb253a55971115f8320a7ce28fd23a065fc33166d601f51760eecfa9",
                "sha256:80a41edf64a3626e729a62df7dd278474fc1726836552b67a8c6396fd7e86760",
                "sha256:893f4d75255f25a7b8516feb5766c6b63c54780323b9bd4bc51cdd7efc943c73",
                "sha256:972ea92f9c1b54cc1c1a3d8508e326c0114aaf0f34996772a30f3f52b73b942f",
                "sha256:9f1d4865436f794accdabadc57a8395bd3faa755449b4f65b88b7df65ae05f89",
                "sha256:9f4cd7832b35e736b739be03b55875706c8c3e5fe334a06210f1a61e5c2c8ca5",
                "sha256:adab43bf657488300d3aeeb8030d7f024fcc86e3a9b8848741ea2ea903e56610",
                "sha256:bd2834d496ba9b1bdda3a6cf3de4dc0d4a0e7be306335940402ec95132ad063d",
                "sha256:d20c0360940f30003a23c0adae2fe50a0a04f3e48dc05c298493b51fd6280197",
                "sha256:d3b3ed87061d2314ff3659bb73896e622252da52558f2380f12c421fbdee3d89",
                "sha256:dc235bf29a406dfda5790d01b998a1c01d7d37f449128c0b1b7d1c89a84fae8b",
                "sha256:fb3c83554f39f48f3fa3123b9c24aecf681b1c289f9334f8215c1d3c8e2f6e5b"
            ],
            "version": "==1.16.2"
        },
        "scipy": {
            "hashes": [
                "sha256:014cb900c003b5ac81a53f2403294e8ecf37aedc315b59a6b9370dce0aa7627a",
                "sha256:281a34da34a5e0de42d26aed692ab710141cad9d5d218b20643a9cb538ace976",
                "sha256:588f9cc4bfab04c45fbd19c1354b5ade377a8124d6151d511c83730a9b6b2338",
                "sha256:5a10661accd36b6e2e8855addcf3d675d6222006a15795420a39c040362def66",
                "sha256:628f60be272512ca1123524969649a8cb5ae8b31cca349f7c6f8903daf9034d7",
                "sha256:6dcc43a88e25b815c2dea1c6fac7339779fc988f5df8396e1de01610604a7c38",
                "sha256:70e37cec0ac0fe95c85b74ca4e0620169590fd5d3f44765f3c3a532cedb0e5fd",
                "sha256:7274735fb6fb5d67d3789ddec2cd53ed6362539b41aa6cc0d33a06c003aaa390",
                "sha256:78e12972e144da47326958ac40c2bd1c1cca908edc8b01c26a36f9ffd3dce466",
                "sha256:790cbd3c8d09f3a6d9c47c4558841e25bac34eb7a0864a9def8f26be0b8706af",
                "sha256:79792c8fe8e9d06ebc50fe23266522c8c89f20aa94ac8e80472917ecdce1e5ba",
                "sha256:865afedf35aaef6df6344bee0de391ee5e99d6e802950a237f9fb9b13e441f91",
                "sha256:870fd401ec7b64a895cff8e206ee16569158db00254b2f7157b4c9a5db72c722",
                "sha256:963815c226b29b0176d5e3d37fc9de46e2778ce4636a5a7af11a48122ef2577c",
                "sha256:9726791484f08e394af0b59eb80489ad94d0a53bbb58ab1837dcad4d58489863",
                "sha256:9de84a71bb7979aa8c089c4fb0ea0e2ed3917df3fb2a287a41aaea54bbad7f5d",
                "sha256:b2c324ddc5d6dbd3f13680ad16a29425841876a84a1de23a984236d1afff4fa6",
                "sha256:b86ae13c597fca087cb8c193870507c8916cefb21e52e1897da320b5a35075e5",
                "sha256:ba0488d4dbba2af5bf9596b849873102d612e49a118c512d9d302ceafa36e01a",
                "sha256:d78702af4102a3a4e23bb7372cec283e78f32f5573d92091aa6aaba870370fe1",
                "sha256:def0e5d681dd3eb562b059d355ae8bebe27f5cc455ab7c2b6655586b63d3a8ea",
                "sha256:e085d1babcb419bbe58e2e805ac61924dac4ca45a07c9fa081144739e500aa3c",
                "sha256:e2cfcbab37c082a5087aba5ff00209999053260441caadd4f0e8f4c2d6b72088",
                "sha256:e742f1f5dcaf222e8471c37ee3d1fd561568a16bb52e031c25674ff1cf9702d5",
                "sha256:f06819b028b8ef9010281e74c59cb35483933583043091ed6b261bb1540f11cc",
                "sha256:f15f2d60a11c306de7700ee9f65df7e9e463848dbea9c8051e293b704038da60",
                "sha256:f31338ee269d201abe76083a990905473987371ff6f3fdb76a3f9073a361cf37",
                "sha256:f6b88c8d302c3dac8dff7766955e38d670c82e0d79edfc7eae47d6bb2c186594"
            ],
            "index": "pypi",
            "version": "==1.2.1"
        },
        "soupsieve": {
            "hashes": [
                "sha256:afa56bf14907bb09403e5d15fbed6275caa4174d36b975226e3b67a3bb6e2c4b",
                "sha256:eaed742b48b1f3e2d45ba6f79401b2ed5dc33b2123dfe216adb90d4bfa0ade26"
            ],
            "version": "==1.8"
        }
    },
    "develop": {}
}
